PODS:
  - Action (3.11.0):
    - RxCocoa (~> 4.0)
    - RxSwift (~> 4.0)
  - Alamofire (4.8.2)
  - Differentiator (3.1.0)
  - ModelMapper (10.0.0):
    - ModelMapper/Core (= 10.0.0)
  - ModelMapper/Core (10.0.0)
  - Moya (13.0.1):
    - Moya/Core (= 13.0.1)
  - Moya-ModelMapper/Core (9.0.0):
    - ModelMapper (~> 10.0)
    - Moya (~> 13.0)
  - Moya-ModelMapper/RxSwift (9.0.0):
    - Moya-ModelMapper/Core
    - Moya/RxSwift (~> 13.0)
    - RxSwift
  - Moya/Core (13.0.1):
    - Alamofire (~> 4.1)
    - Result (~> 4.1)
  - Moya/RxSwift (13.0.1):
    - Moya/Core
    - RxSwift (~> 4.0)
  - Nimble (8.0.1)
  - Nuke (7.6.3)
  - NVActivityIndicatorView (4.7.0):
    - NVActivityIndicatorView/Presenter (= 4.7.0)
  - NVActivityIndicatorView/Presenter (4.7.0)
  - Quick (2.1.0)
  - Result (4.1.0)
  - RxCocoa (4.5.0):
    - RxSwift (>= 4.4.2, ~> 4.4)
  - RxDataSources (3.1.0):
    - Differentiator (~> 3.0)
    - RxCocoa (~> 4.0)
    - RxSwift (~> 4.0)
  - RxSwift (4.5.0)
  - RxTest (4.5.0):
    - RxSwift (>= 4.4.2, ~> 4.4)

DEPENDENCIES:
  - Action
  - Moya-ModelMapper/RxSwift
  - Moya/RxSwift
  - Nimble
  - Nuke
  - NVActivityIndicatorView
  - Quick
  - RxCocoa
  - RxDataSources
  - RxSwift
  - RxTest

SPEC REPOS:
  https://github.com/cocoapods/specs.git:
    - Action
    - Alamofire
    - Differentiator
    - ModelMapper
    - Moya
    - Moya-ModelMapper
    - Nimble
    - Nuke
    - NVActivityIndicatorView
    - Quick
    - Result
    - RxCocoa
    - RxDataSources
    - RxSwift
    - RxTest

SPEC CHECKSUMS:
  Action: 689181e4c3f6566844178d8a7da6fef39a9597fc
  Alamofire: ae5c501addb7afdbb13687d7f2f722c78734c2d3
  Differentiator: be49ca3408f0ecfc761e4c7763d20c62be01b9ad
  ModelMapper: a8dbf2a2003bf626627b9fe7c9a22b3405a30404
  Moya: f4a4b80ff2f8a4ffc208dfb31cd91636622fee6e
  Moya-ModelMapper: 4948625af7fc5eef41ad9fdfe0c3517170b50960
  Nimble: 45f786ae66faa9a709624227fae502db55a8bdd0
  Nuke: 44130e95e09463f8773ae4b96b90de1eba6b3350
  NVActivityIndicatorView: b19ddab2576f805cbe0fb2306cba3476e09a1dea
  Quick: 4be43f6634acfa727dd106bdf3929ce125ffa79d
  Result: bd966fac789cc6c1563440b348ab2598cc24d5c7
  RxCocoa: cbf70265dc65a981d4ac982e513c10cf23df24a0
  RxDataSources: a843bad90c29817f5923ec8163f4af2de084ceb3
  RxSwift: f172070dfd1a93d70a9ab97a5a01166206e1c575
  RxTest: 3ccb66bfbace0bf7df1c43a7c75d046f8ce60372

PODFILE CHECKSUM: 29716daba826883c19ca96e3e0f433c2ba6a5b24

COCOAPODS: 1.6.2
